
Microsoft Visual Studio Solution File, Format Version 12.00
# Visual Studio 15
VisualStudioVersion = 15.0.27428.2002
MinimumVisualStudioVersion = 10.0.40219.1
Project("{8BC9CEB8-8B4A-11D0-8D11-00A0C91BC942}") = "ENGR12", "ENGR12\ENGR12.vcxproj", "{0E30C537-C17D-40BC-80CC-A4C3345983B8}"
EndProject
Global
	GlobalSection(SolutionConfigurationPlatforms) = preSolution
		Debug|x64 = Debug|x64
		Debug|x86 = Debug|x86
		Release|x64 = Release|x64
		Release|x86 = Release|x86
	EndGlobalSection
	GlobalSection(ProjectConfigurationPlatforms) = postSolution
		{0E30C537-C17D-40BC-80CC-A4C3345983B8}.Debug|x64.ActiveCfg = Debug|x64
		{0E30C537-C17D-40BC-80CC-A4C3345983B8}.Debug|x64.Build.0 = Debug|x64
		{0E30C537-C17D-40BC-80CC-A4C3345983B8}.Debug|x86.ActiveCfg = Debug|Win32
		{0E30C537-C17D-40BC-80CC-A4C3345983B8}.Debug|x86.Build.0 = Debug|Win32
		{0E30C537-C17D-40BC-80CC-A4C3345983B8}.Release|x64.ActiveCfg = Release|x64
		{0E30C537-C17D-40BC-80CC-A4C3345983B8}.Release|x64.Build.0 = Release|x64
		{0E30C537-C17D-40BC-80CC-A4C3345983B8}.Release|x86.ActiveCfg = Release|Win32
		{0E30C537-C17D-40BC-80CC-A4C3345983B8}.Release|x86.Build.0 = Release|Win32
	EndGlobalSection
	GlobalSection(SolutionProperties) = preSolution
		HideSolutionNode = FALSE
	EndGlobalSection
	GlobalSection(ExtensibilityGlobals) = postSolution
		SolutionGuid = {31396914-73BD-4D26-A30D-81150107B5D7}
	EndGlobalSection
EndGlobal
